github.com/zhumorist/common_go v0.0.0-20240405135642-c252e536212b h1:4Fc9ns8gKwhTe2tkP0Wa4sTosr1zT7G6I/Kgxw0nblg=
github.com/zhumorist/common_go v0.0.0-20240405135642-c252e536212b/go.mod h1:6zb2gv9lfbq5wj0KbiQQxjpO07rYODpsuYCYJyiD2dY=
github.com/zhumorist/common_go v0.0.0-20240405140207-6245885cc1bb h1:I0J07QL2lMpi1t0ez/OUzKQiLviVgF8eu7O09mk9QT4=
github.com/zhumorist/common_go v0.0.0-20240405140207-6245885cc1bb/go.mod h1:g9zUHAhT1lwVaZ7HX0bnVVWktjWSQBoBBLdRCV0w/ds=
